
Microsoft Visual Studio Solution File, Format Version 12.00
# Visual Studio Version 17
VisualStudioVersion = 17.4.33110.190
MinimumVisualStudioVersion = 10.0.40219.1
Project("{FAE04EC0-301F-11D3-BF4B-00C04F79EFBC}") = "2SIO_FSI_Adminstration", "2SIO_FSI_Adminstration\2SIO_FSI_Adminstration.csproj", "{ED284D57-12A7-42E1-9A6E-05DACC0B73D6}"
EndProject
Global
	GlobalSection(SolutionConfigurationPlatforms) = preSolution
		Debug|Any CPU = Debug|Any CPU
		Release|Any CPU = Release|Any CPU
	EndGlobalSection
	GlobalSection(ProjectConfigurationPlatforms) = postSolution
		{ED284D57-12A7-42E1-9A6E-05DACC0B73D6}.Debug|Any CPU.ActiveCfg = Debug|Any CPU
		{ED284D57-12A7-42E1-9A6E-05DACC0B73D6}.Debug|Any CPU.Build.0 = Debug|Any CPU
		{ED284D57-12A7-42E1-9A6E-05DACC0B73D6}.Release|Any CPU.ActiveCfg = Release|Any CPU
		{ED284D57-12A7-42E1-9A6E-05DACC0B73D6}.Release|Any CPU.Build.0 = Release|Any CPU
	EndGlobalSection
	GlobalSection(SolutionProperties) = preSolution
		HideSolutionNode = FALSE
	EndGlobalSection
	GlobalSection(ExtensibilityGlobals) = postSolution
		SolutionGuid = {ABCD9C9D-B915-4D62-A1C3-566AFF85C0AA}
	EndGlobalSection
EndGlobal
